
Microsoft Visual Studio Solution File, Format Version 12.00
# Visual Studio Version 17
VisualStudioVersion = 17.3.32929.385
MinimumVisualStudioVersion = 10.0.40219.1
Project("{8BC9CEB8-8B4A-11D0-8D11-00A0C91BC942}") = "ex2107", "ex2107\ex2107.vcxproj", "{87F939BE-43B6-4A4B-8257-8A4CDC66B593}"
EndProject
Global
	GlobalSection(SolutionConfigurationPlatforms) = preSolution
		Debug|x64 = Debug|x64
		Debug|x86 = Debug|x86
		Release|x64 = Release|x64
		Release|x86 = Release|x86
	EndGlobalSection
	GlobalSection(ProjectConfigurationPlatforms) = postSolution
		{87F939BE-43B6-4A4B-8257-8A4CDC66B593}.Debug|x64.ActiveCfg = Debug|x64
		{87F939BE-43B6-4A4B-8257-8A4CDC66B593}.Debug|x64.Build.0 = Debug|x64
		{87F939BE-43B6-4A4B-8257-8A4CDC66B593}.Debug|x86.ActiveCfg = Debug|Win32
		{87F939BE-43B6-4A4B-8257-8A4CDC66B593}.Debug|x86.Build.0 = Debug|Win32
		{87F939BE-43B6-4A4B-8257-8A4CDC66B593}.Release|x64.ActiveCfg = Release|x64
		{87F939BE-43B6-4A4B-8257-8A4CDC66B593}.Release|x64.Build.0 = Release|x64
		{87F939BE-43B6-4A4B-8257-8A4CDC66B593}.Release|x86.ActiveCfg = Release|Win32
		{87F939BE-43B6-4A4B-8257-8A4CDC66B593}.Release|x86.Build.0 = Release|Win32
	EndGlobalSection
	GlobalSection(SolutionProperties) = preSolution
		HideSolutionNode = FALSE
	EndGlobalSection
	GlobalSection(ExtensibilityGlobals) = postSolution
		SolutionGuid = {8FCD04E7-EC2B-48B7-B665-5FAE77817421}
	EndGlobalSection
EndGlobal
