
Microsoft Visual Studio Solution File, Format Version 12.00
# Visual Studio Version 17
VisualStudioVersion = 17.3.32922.545
MinimumVisualStudioVersion = 10.0.40219.1
Project("{8BC9CEB8-8B4A-11D0-8D11-00A0C91BC942}") = "ex1309", "ex1309\ex1309.vcxproj", "{A84D4119-EEFE-4DEF-AD3C-F06BB3C405ED}"
EndProject
Global
	GlobalSection(SolutionConfigurationPlatforms) = preSolution
		Debug|x64 = Debug|x64
		Debug|x86 = Debug|x86
		Release|x64 = Release|x64
		Release|x86 = Release|x86
	EndGlobalSection
	GlobalSection(ProjectConfigurationPlatforms) = postSolution
		{A84D4119-EEFE-4DEF-AD3C-F06BB3C405ED}.Debug|x64.ActiveCfg = Debug|x64
		{A84D4119-EEFE-4DEF-AD3C-F06BB3C405ED}.Debug|x64.Build.0 = Debug|x64
		{A84D4119-EEFE-4DEF-AD3C-F06BB3C405ED}.Debug|x86.ActiveCfg = Debug|Win32
		{A84D4119-EEFE-4DEF-AD3C-F06BB3C405ED}.Debug|x86.Build.0 = Debug|Win32
		{A84D4119-EEFE-4DEF-AD3C-F06BB3C405ED}.Release|x64.ActiveCfg = Release|x64
		{A84D4119-EEFE-4DEF-AD3C-F06BB3C405ED}.Release|x64.Build.0 = Release|x64
		{A84D4119-EEFE-4DEF-AD3C-F06BB3C405ED}.Release|x86.ActiveCfg = Release|Win32
		{A84D4119-EEFE-4DEF-AD3C-F06BB3C405ED}.Release|x86.Build.0 = Release|Win32
	EndGlobalSection
	GlobalSection(SolutionProperties) = preSolution
		HideSolutionNode = FALSE
	EndGlobalSection
	GlobalSection(ExtensibilityGlobals) = postSolution
		SolutionGuid = {7E4885AF-64C2-47D9-AF3C-CAF41D27BF63}
	EndGlobalSection
EndGlobal
