
Microsoft Visual Studio Solution File, Format Version 12.00
# Visual Studio Version 17
VisualStudioVersion = 17.3.32929.385
MinimumVisualStudioVersion = 10.0.40219.1
Project("{8BC9CEB8-8B4A-11D0-8D11-00A0C91BC942}") = "ex2216", "ex2216\ex2216.vcxproj", "{75B28DF1-E93B-4D81-99F4-56FA7E19A505}"
EndProject
Global
	GlobalSection(SolutionConfigurationPlatforms) = preSolution
		Debug|x64 = Debug|x64
		Debug|x86 = Debug|x86
		Release|x64 = Release|x64
		Release|x86 = Release|x86
	EndGlobalSection
	GlobalSection(ProjectConfigurationPlatforms) = postSolution
		{75B28DF1-E93B-4D81-99F4-56FA7E19A505}.Debug|x64.ActiveCfg = Debug|x64
		{75B28DF1-E93B-4D81-99F4-56FA7E19A505}.Debug|x64.Build.0 = Debug|x64
		{75B28DF1-E93B-4D81-99F4-56FA7E19A505}.Debug|x86.ActiveCfg = Debug|Win32
		{75B28DF1-E93B-4D81-99F4-56FA7E19A505}.Debug|x86.Build.0 = Debug|Win32
		{75B28DF1-E93B-4D81-99F4-56FA7E19A505}.Release|x64.ActiveCfg = Release|x64
		{75B28DF1-E93B-4D81-99F4-56FA7E19A505}.Release|x64.Build.0 = Release|x64
		{75B28DF1-E93B-4D81-99F4-56FA7E19A505}.Release|x86.ActiveCfg = Release|Win32
		{75B28DF1-E93B-4D81-99F4-56FA7E19A505}.Release|x86.Build.0 = Release|Win32
	EndGlobalSection
	GlobalSection(SolutionProperties) = preSolution
		HideSolutionNode = FALSE
	EndGlobalSection
	GlobalSection(ExtensibilityGlobals) = postSolution
		SolutionGuid = {DAD7A43F-85B7-437A-BB18-EB22BB82CD90}
	EndGlobalSection
EndGlobal
