
Microsoft Visual Studio Solution File, Format Version 12.00
# Visual Studio Version 17
VisualStudioVersion = 17.3.32922.545
MinimumVisualStudioVersion = 10.0.40219.1
Project("{8BC9CEB8-8B4A-11D0-8D11-00A0C91BC942}") = "ex1310", "ex1310\ex1310.vcxproj", "{65E09ABB-8737-49A7-BDCB-7CAFFEBB2F07}"
EndProject
Global
	GlobalSection(SolutionConfigurationPlatforms) = preSolution
		Debug|x64 = Debug|x64
		Debug|x86 = Debug|x86
		Release|x64 = Release|x64
		Release|x86 = Release|x86
	EndGlobalSection
	GlobalSection(ProjectConfigurationPlatforms) = postSolution
		{65E09ABB-8737-49A7-BDCB-7CAFFEBB2F07}.Debug|x64.ActiveCfg = Debug|x64
		{65E09ABB-8737-49A7-BDCB-7CAFFEBB2F07}.Debug|x64.Build.0 = Debug|x64
		{65E09ABB-8737-49A7-BDCB-7CAFFEBB2F07}.Debug|x86.ActiveCfg = Debug|Win32
		{65E09ABB-8737-49A7-BDCB-7CAFFEBB2F07}.Debug|x86.Build.0 = Debug|Win32
		{65E09ABB-8737-49A7-BDCB-7CAFFEBB2F07}.Release|x64.ActiveCfg = Release|x64
		{65E09ABB-8737-49A7-BDCB-7CAFFEBB2F07}.Release|x64.Build.0 = Release|x64
		{65E09ABB-8737-49A7-BDCB-7CAFFEBB2F07}.Release|x86.ActiveCfg = Release|Win32
		{65E09ABB-8737-49A7-BDCB-7CAFFEBB2F07}.Release|x86.Build.0 = Release|Win32
	EndGlobalSection
	GlobalSection(SolutionProperties) = preSolution
		HideSolutionNode = FALSE
	EndGlobalSection
	GlobalSection(ExtensibilityGlobals) = postSolution
		SolutionGuid = {1DE339C5-9F5F-456A-9495-671DCEC7A980}
	EndGlobalSection
EndGlobal
