
Microsoft Visual Studio Solution File, Format Version 12.00
# Visual Studio Version 17
VisualStudioVersion = 17.3.32819.101
MinimumVisualStudioVersion = 10.0.40219.1
Project("{8BC9CEB8-8B4A-11D0-8D11-00A0C91BC942}") = "ex1008", "ex1008\ex1008.vcxproj", "{B178705E-54EE-449C-9ED4-B87CD7425600}"
EndProject
Global
	GlobalSection(SolutionConfigurationPlatforms) = preSolution
		Debug|x64 = Debug|x64
		Debug|x86 = Debug|x86
		Release|x64 = Release|x64
		Release|x86 = Release|x86
	EndGlobalSection
	GlobalSection(ProjectConfigurationPlatforms) = postSolution
		{B178705E-54EE-449C-9ED4-B87CD7425600}.Debug|x64.ActiveCfg = Debug|x64
		{B178705E-54EE-449C-9ED4-B87CD7425600}.Debug|x64.Build.0 = Debug|x64
		{B178705E-54EE-449C-9ED4-B87CD7425600}.Debug|x86.ActiveCfg = Debug|Win32
		{B178705E-54EE-449C-9ED4-B87CD7425600}.Debug|x86.Build.0 = Debug|Win32
		{B178705E-54EE-449C-9ED4-B87CD7425600}.Release|x64.ActiveCfg = Release|x64
		{B178705E-54EE-449C-9ED4-B87CD7425600}.Release|x64.Build.0 = Release|x64
		{B178705E-54EE-449C-9ED4-B87CD7425600}.Release|x86.ActiveCfg = Release|Win32
		{B178705E-54EE-449C-9ED4-B87CD7425600}.Release|x86.Build.0 = Release|Win32
	EndGlobalSection
	GlobalSection(SolutionProperties) = preSolution
		HideSolutionNode = FALSE
	EndGlobalSection
	GlobalSection(ExtensibilityGlobals) = postSolution
		SolutionGuid = {C0F41F42-E006-4FB6-BBB1-48EA61A595EE}
	EndGlobalSection
EndGlobal
